
Microsoft Visual Studio Solution File, Format Version 12.00
# Visual Studio 15
VisualStudioVersion = 15.0.28307.168
MinimumVisualStudioVersion = 10.0.40219.1
Project("{FAE04EC0-301F-11D3-BF4B-00C04F79EFBC}") = "Challenge.ConsoleApp", "Challenge.ConsoleApp\Challenge.ConsoleApp.csproj", "{1980017E-6269-426A-A927-A8C7FAD49D89}"
EndProject
Project("{FAE04EC0-301F-11D3-BF4B-00C04F79EFBC}") = "Challenge.Core", "Challenge.Core\Challenge.Core.csproj", "{758A8ED6-FBF3-45E6-B3EC-CC42F2B755E7}"
EndProject
Project("{FAE04EC0-301F-11D3-BF4B-00C04F79EFBC}") = "Challenge.Tests", "Challenge.Tests\Challenge.Tests.csproj", "{1362111A-B392-47C1-BEB1-EAB37CE54C88}"
EndProject
Global
	GlobalSection(SolutionConfigurationPlatforms) = preSolution
		Debug|Any CPU = Debug|Any CPU
		Release|Any CPU = Release|Any CPU
	EndGlobalSection
	GlobalSection(ProjectConfigurationPlatforms) = postSolution
		{1980017E-6269-426A-A927-A8C7FAD49D89}.Debug|Any CPU.ActiveCfg = Debug|Any CPU
		{1980017E-6269-426A-A927-A8C7FAD49D89}.Debug|Any CPU.Build.0 = Debug|Any CPU
		{1980017E-6269-426A-A927-A8C7FAD49D89}.Release|Any CPU.ActiveCfg = Release|Any CPU
		{1980017E-6269-426A-A927-A8C7FAD49D89}.Release|Any CPU.Build.0 = Release|Any CPU
		{758A8ED6-FBF3-45E6-B3EC-CC42F2B755E7}.Debug|Any CPU.ActiveCfg = Debug|Any CPU
		{758A8ED6-FBF3-45E6-B3EC-CC42F2B755E7}.Debug|Any CPU.Build.0 = Debug|Any CPU
		{758A8ED6-FBF3-45E6-B3EC-CC42F2B755E7}.Release|Any CPU.ActiveCfg = Release|Any CPU
		{758A8ED6-FBF3-45E6-B3EC-CC42F2B755E7}.Release|Any CPU.Build.0 = Release|Any CPU
		{1362111A-B392-47C1-BEB1-EAB37CE54C88}.Debug|Any CPU.ActiveCfg = Debug|Any CPU
		{1362111A-B392-47C1-BEB1-EAB37CE54C88}.Debug|Any CPU.Build.0 = Debug|Any CPU
		{1362111A-B392-47C1-BEB1-EAB37CE54C88}.Release|Any CPU.ActiveCfg = Release|Any CPU
		{1362111A-B392-47C1-BEB1-EAB37CE54C88}.Release|Any CPU.Build.0 = Release|Any CPU
	EndGlobalSection
	GlobalSection(SolutionProperties) = preSolution
		HideSolutionNode = FALSE
	EndGlobalSection
	GlobalSection(ExtensibilityGlobals) = postSolution
		SolutionGuid = {C9F71A13-948F-4571-9F58-2A600A84A4BF}
	EndGlobalSection
EndGlobal
